
Microsoft Visual Studio Solution File, Format Version 12.00
# Visual Studio Version 16
VisualStudioVersion = 16.0.31702.278
MinimumVisualStudioVersion = 10.0.40219.1
Project("{FAE04EC0-301F-11D3-BF4B-00C04F79EFBC}") = "power_of_2", "power_of_2\power_of_2.csproj", "{B5CAB3BF-0302-4076-AB1F-04922A9CF885}"
EndProject
Global
	GlobalSection(SolutionConfigurationPlatforms) = preSolution
		Debug|Any CPU = Debug|Any CPU
		Release|Any CPU = Release|Any CPU
	EndGlobalSection
	GlobalSection(ProjectConfigurationPlatforms) = postSolution
		{B5CAB3BF-0302-4076-AB1F-04922A9CF885}.Debug|Any CPU.ActiveCfg = Debug|Any CPU
		{B5CAB3BF-0302-4076-AB1F-04922A9CF885}.Debug|Any CPU.Build.0 = Debug|Any CPU
		{B5CAB3BF-0302-4076-AB1F-04922A9CF885}.Release|Any CPU.ActiveCfg = Release|Any CPU
		{B5CAB3BF-0302-4076-AB1F-04922A9CF885}.Release|Any CPU.Build.0 = Release|Any CPU
	EndGlobalSection
	GlobalSection(SolutionProperties) = preSolution
		HideSolutionNode = FALSE
	EndGlobalSection
	GlobalSection(ExtensibilityGlobals) = postSolution
		SolutionGuid = {72335532-F320-4F4E-ADB6-94E5250E366D}
	EndGlobalSection
EndGlobal
